PODS:
  - Alamofire (5.3.0)
  - FloatingPanel (2.0.1)
  - M13Checkbox (3.4.0)
  - SwiftLint (0.40.1)
  - SwipeCellKit (2.7.1)

DEPENDENCIES:
  - Alamofire (~> 5.2)
  - FloatingPanel
  - M13Checkbox
  - SwiftLint
  - SwipeCellKit

SPEC REPOS:
  trunk:
    - Alamofire
    - FloatingPanel
    - M13Checkbox
    - SwiftLint
    - SwipeCellKit

SPEC CHECKSUMS:
  Alamofire: 2c792affbdc2f18016e08fdbcacd60aebe1ba593
  FloatingPanel: 579a5ac0154f923a9d7302c4f13dbc0268511c92
  M13Checkbox: 6f59404540ac98ba83a3d1afac335895a40c6a5d
  SwiftLint: bbfed21bf4451dcbd0f5cdbee44a18e06cf91b12
  SwipeCellKit: 3972254a826da74609926daf59b08d6c72e619ea

PODFILE CHECKSUM: 413c7b99541a108696cbe2282329612c51d3becf

COCOAPODS: 1.9.3
