// !$*UTF8*$!
{
	archiveVersion = 1;
	classes = {
	};
	objectVersion = 51;
	objects = {

/* Begin PBXBuildFile section */
		4616CDC72549491400421368 /* UIViewController+Extension.swift in Sources */ = {isa = PBXBuildFile; fileRef = 4616CDC62549491400421368 /* UIViewController+Extension.swift */; };
		4616CDD32549573200421368 /* Issue.swift in Sources */ = {isa = PBXBuildFile; fileRef = 4616CDD22549573200421368 /* Issue.swift */; };
		4616CDD72549583600421368 /* Milestone.swift in Sources */ = {isa = PBXBuildFile; fileRef = 4616CDD62549583600421368 /* Milestone.swift */; };
		4616CDDA254958B100421368 /* Label.swift in Sources */ = {isa = PBXBuildFile; fileRef = 4616CDD9254958B100421368 /* Label.swift */; };
		4616CDDD25495A1D00421368 /* IssueList.swift in Sources */ = {isa = PBXBuildFile; fileRef = 4616CDDC25495A1D00421368 /* IssueList.swift */; };
		4616CDE525496FFF00421368 /* MilestoneViewController.swift in Sources */ = {isa = PBXBuildFile; fileRef = 4616CDE425496FFF00421368 /* MilestoneViewController.swift */; };
		4616CDEB2549977D00421368 /* MilestoneCollectionViewCell.swift in Sources */ = {isa = PBXBuildFile; fileRef = 4616CDEA2549977D00421368 /* MilestoneCollectionViewCell.swift */; };
		46E668BA2547F64A00A41CC0 /* IssueListEditTableViewCell.swift in Sources */ = {isa = PBXBuildFile; fileRef = 46E668B92547F64A00A41CC0 /* IssueListEditTableViewCell.swift */; };
		46E668CC25482FF700A41CC0 /* UIView+Extension.swift in Sources */ = {isa = PBXBuildFile; fileRef = 46E668CB25482FF700A41CC0 /* UIView+Extension.swift */; };
		46E668D32548557800A41CC0 /* PaddedLabel.swift in Sources */ = {isa = PBXBuildFile; fileRef = 46E668D22548557800A41CC0 /* PaddedLabel.swift */; };
		46ED2B8925469876004B6D50 /* AppDelegate.swift in Sources */ = {isa = PBXBuildFile; fileRef = 46ED2B8825469876004B6D50 /* AppDelegate.swift */; };
		46ED2B8B25469876004B6D50 /* SceneDelegate.swift in Sources */ = {isa = PBXBuildFile; fileRef = 46ED2B8A25469876004B6D50 /* SceneDelegate.swift */; };
		46ED2B8D25469876004B6D50 /* IssueListViewController.swift in Sources */ = {isa = PBXBuildFile; fileRef = 46ED2B8C25469876004B6D50 /* IssueListViewController.swift */; };
		46ED2B9025469876004B6D50 /* Main.storyboard in Resources */ = {isa = PBXBuildFile; fileRef = 46ED2B8E25469876004B6D50 /* Main.storyboard */; };
		46ED2B9225469877004B6D50 /* Assets.xcassets in Resources */ = {isa = PBXBuildFile; fileRef = 46ED2B9125469877004B6D50 /* Assets.xcassets */; };
		46ED2B9525469877004B6D50 /* LaunchScreen.storyboard in Resources */ = {isa = PBXBuildFile; fileRef = 46ED2B9325469877004B6D50 /* LaunchScreen.storyboard */; };
		46ED2B9F25469A94004B6D50 /* .swiftlint.yml in Resources */ = {isa = PBXBuildFile; fileRef = 46ED2B9E25469A94004B6D50 /* .swiftlint.yml */; };
		46ED2BB62546AA00004B6D50 /* IssueListCollectionViewCell.swift in Sources */ = {isa = PBXBuildFile; fileRef = 46ED2BB42546AA00004B6D50 /* IssueListCollectionViewCell.swift */; };
		46ED2BB72546AA00004B6D50 /* IssueListCollectionViewCell.xib in Resources */ = {isa = PBXBuildFile; fileRef = 46ED2BB52546AA00004B6D50 /* IssueListCollectionViewCell.xib */; };
		46ED2BC72546B096004B6D50 /* IssueListEditViewController.swift in Sources */ = {isa = PBXBuildFile; fileRef = 46ED2BC62546B096004B6D50 /* IssueListEditViewController.swift */; };
		46FC2CB6254A58B4004E9288 /* MilestoneEditViewController.swift in Sources */ = {isa = PBXBuildFile; fileRef = 46FC2CB5254A58B4004E9288 /* MilestoneEditViewController.swift */; };
		46FC2CBF254A74EF004E9288 /* LabelViewController.swift in Sources */ = {isa = PBXBuildFile; fileRef = 46FC2CBE254A74EF004E9288 /* LabelViewController.swift */; };
		46FC2CC5254A789B004E9288 /* LabelCollectionViewCell.swift in Sources */ = {isa = PBXBuildFile; fileRef = 46FC2CC4254A789B004E9288 /* LabelCollectionViewCell.swift */; };
		46FC2CC8254A8DC8004E9288 /* LabelEditViewController.swift in Sources */ = {isa = PBXBuildFile; fileRef = 46FC2CC7254A8DC8004E9288 /* LabelEditViewController.swift */; };
		46FC2CCB254A9366004E9288 /* UIColor+Extension.swift in Sources */ = {isa = PBXBuildFile; fileRef = 46FC2CCA254A9366004E9288 /* UIColor+Extension.swift */; };
		607361FCC58508C264F99698 /* Pods_IssueTracker.framework in Frameworks */ = {isa = PBXBuildFile; fileRef = ED37D695EF110669C99D514E /* Pods_IssueTracker.framework */; };
		A927391525490BBD00F22997 /* IssueDetailViewController.swift in Sources */ = {isa = PBXBuildFile; fileRef = A927391425490BBD00F22997 /* IssueDetailViewController.swift */; };
		A927391825490BCB00F22997 /* IssueDetailTableViewCell.swift in Sources */ = {isa = PBXBuildFile; fileRef = A927391725490BCB00F22997 /* IssueDetailTableViewCell.swift */; };
		A927392125493B8100F22997 /* UITableViewCell+Extension.swift in Sources */ = {isa = PBXBuildFile; fileRef = A927392025493B8100F22997 /* UITableViewCell+Extension.swift */; };
/* End PBXBuildFile section */

/* Begin PBXFileReference section */
		4616CDC62549491400421368 /* UIViewController+Extension.swift */ = {isa = PBXFileReference; lastKnownFileType = sourcecode.swift; path = "UIViewController+Extension.swift"; sourceTree = "<group>"; };
		4616CDD22549573200421368 /* Issue.swift */ = {isa = PBXFileReference; lastKnownFileType = sourcecode.swift; path = Issue.swift; sourceTree = "<group>"; };
		4616CDD62549583600421368 /* Milestone.swift */ = {isa = PBXFileReference; lastKnownFileType = sourcecode.swift; path = Milestone.swift; sourceTree = "<group>"; };
		4616CDD9254958B100421368 /* Label.swift */ = {isa = PBXFileReference; lastKnownFileType = sourcecode.swift; path = Label.swift; sourceTree = "<group>"; };
		4616CDDC25495A1D00421368 /* IssueList.swift */ = {isa = PBXFileReference; lastKnownFileType = sourcecode.swift; path = IssueList.swift; sourceTree = "<group>"; };
		4616CDE425496FFF00421368 /* MilestoneViewController.swift */ = {isa = PBXFileReference; lastKnownFileType = sourcecode.swift; path = MilestoneViewController.swift; sourceTree = "<group>"; };
		4616CDEA2549977D00421368 /* MilestoneCollectionViewCell.swift */ = {isa = PBXFileReference; lastKnownFileType = sourcecode.swift; path = MilestoneCollectionViewCell.swift; sourceTree = "<group>"; };
		46E668B92547F64A00A41CC0 /* IssueListEditTableViewCell.swift */ = {isa = PBXFileReference; lastKnownFileType = sourcecode.swift; path = IssueListEditTableViewCell.swift; sourceTree = "<group>"; };
		46E668CB25482FF700A41CC0 /* UIView+Extension.swift */ = {isa = PBXFileReference; lastKnownFileType = sourcecode.swift; path = "UIView+Extension.swift"; sourceTree = "<group>"; };
		46E668D22548557800A41CC0 /* PaddedLabel.swift */ = {isa = PBXFileReference; lastKnownFileType = sourcecode.swift; path = PaddedLabel.swift; sourceTree = "<group>"; };
		46ED2B8525469876004B6D50 /* IssueTracker.app */ = {isa = PBXFileReference; explicitFileType = wrapper.application; includeInIndex = 0; path = IssueTracker.app; sourceTree = BUILT_PRODUCTS_DIR; };
		46ED2B8825469876004B6D50 /* AppDelegate.swift */ = {isa = PBXFileReference; lastKnownFileType = sourcecode.swift; path = AppDelegate.swift; sourceTree = "<group>"; };
		46ED2B8A25469876004B6D50 /* SceneDelegate.swift */ = {isa = PBXFileReference; lastKnownFileType = sourcecode.swift; path = SceneDelegate.swift; sourceTree = "<group>"; };
		46ED2B8C25469876004B6D50 /* IssueListViewController.swift */ = {isa = PBXFileReference; lastKnownFileType = sourcecode.swift; path = IssueListViewController.swift; sourceTree = "<group>"; };
		46ED2B8F25469876004B6D50 /* Base */ = {isa = PBXFileReference; lastKnownFileType = file.storyboard; name = Base; path = Base.lproj/Main.storyboard; sourceTree = "<group>"; };
		46ED2B9125469877004B6D50 /* Assets.xcassets */ = {isa = PBXFileReference; lastKnownFileType = folder.assetcatalog; path = Assets.xcassets; sourceTree = "<group>"; };
		46ED2B9425469877004B6D50 /* Base */ = {isa = PBXFileReference; lastKnownFileType = file.storyboard; name = Base; path = Base.lproj/LaunchScreen.storyboard; sourceTree = "<group>"; };
		46ED2B9625469877004B6D50 /* Info.plist */ = {isa = PBXFileReference; lastKnownFileType = text.plist.xml; path = Info.plist; sourceTree = "<group>"; };
		46ED2B9E25469A94004B6D50 /* .swiftlint.yml */ = {isa = PBXFileReference; lastKnownFileType = text.yaml; path = .swiftlint.yml; sourceTree = "<group>"; };
		46ED2BB42546AA00004B6D50 /* IssueListCollectionViewCell.swift */ = {isa = PBXFileReference; lastKnownFileType = sourcecode.swift; path = IssueListCollectionViewCell.swift; sourceTree = "<group>"; };
		46ED2BB52546AA00004B6D50 /* IssueListCollectionViewCell.xib */ = {isa = PBXFileReference; lastKnownFileType = file.xib; path = IssueListCollectionViewCell.xib; sourceTree = "<group>"; };
		46ED2BC62546B096004B6D50 /* IssueListEditViewController.swift */ = {isa = PBXFileReference; lastKnownFileType = sourcecode.swift; path = IssueListEditViewController.swift; sourceTree = "<group>"; };
		46FC2CB5254A58B4004E9288 /* MilestoneEditViewController.swift */ = {isa = PBXFileReference; lastKnownFileType = sourcecode.swift; path = MilestoneEditViewController.swift; sourceTree = "<group>"; };
		46FC2CBE254A74EF004E9288 /* LabelViewController.swift */ = {isa = PBXFileReference; lastKnownFileType = sourcecode.swift; path = LabelViewController.swift; sourceTree = "<group>"; };
		46FC2CC4254A789B004E9288 /* LabelCollectionViewCell.swift */ = {isa = PBXFileReference; lastKnownFileType = sourcecode.swift; path = LabelCollectionViewCell.swift; sourceTree = "<group>"; };
		46FC2CC7254A8DC8004E9288 /* LabelEditViewController.swift */ = {isa = PBXFileReference; lastKnownFileType = sourcecode.swift; path = LabelEditViewController.swift; sourceTree = "<group>"; };
		46FC2CCA254A9366004E9288 /* UIColor+Extension.swift */ = {isa = PBXFileReference; lastKnownFileType = sourcecode.swift; path = "UIColor+Extension.swift"; sourceTree = "<group>"; };
		A927391425490BBD00F22997 /* IssueDetailViewController.swift */ = {isa = PBXFileReference; fileEncoding = 4; lastKnownFileType = sourcecode.swift; path = IssueDetailViewController.swift; sourceTree = "<group>"; };
		A927391725490BCB00F22997 /* IssueDetailTableViewCell.swift */ = {isa = PBXFileReference; fileEncoding = 4; lastKnownFileType = sourcecode.swift; path = IssueDetailTableViewCell.swift; sourceTree = "<group>"; };
		A927392025493B8100F22997 /* UITableViewCell+Extension.swift */ = {isa = PBXFileReference; lastKnownFileType = sourcecode.swift; path = "UITableViewCell+Extension.swift"; sourceTree = "<group>"; };
		AE41F75C5FFBB028C86B1865 /* Pods-IssueTracker.release.xcconfig */ = {isa = PBXFileReference; includeInIndex = 1; lastKnownFileType = text.xcconfig; name = "Pods-IssueTracker.release.xcconfig"; path = "Target Support Files/Pods-IssueTracker/Pods-IssueTracker.release.xcconfig"; sourceTree = "<group>"; };
		B36067DFCDF29C2AFAC3E008 /* Pods-IssueTracker.debug.xcconfig */ = {isa = PBXFileReference; includeInIndex = 1; lastKnownFileType = text.xcconfig; name = "Pods-IssueTracker.debug.xcconfig"; path = "Target Support Files/Pods-IssueTracker/Pods-IssueTracker.debug.xcconfig"; sourceTree = "<group>"; };
		ED37D695EF110669C99D514E /* Pods_IssueTracker.framework */ = {isa = PBXFileReference; explicitFileType = wrapper.framework; includeInIndex = 0; path = Pods_IssueTracker.framework; sourceTree = BUILT_PRODUCTS_DIR; };
/* End PBXFileReference section */

/* Begin PBXFrameworksBuildPhase section */
		46ED2B8225469876004B6D50 /* Frameworks */ = {
			isa = PBXFrameworksBuildPhase;
			buildActionMask = 2147483647;
			files = (
				607361FCC58508C264F99698 /* Pods_IssueTracker.framework in Frameworks */,
			);
			runOnlyForDeploymentPostprocessing = 0;
		};
/* End PBXFrameworksBuildPhase section */

/* Begin PBXGroup section */
		10FA4EE8E6D21FA3AFD83E60 /* Frameworks */ = {
			isa = PBXGroup;
			children = (
				ED37D695EF110669C99D514E /* Pods_IssueTracker.framework */,
			);
			name = Frameworks;
			sourceTree = "<group>";
		};
		4616CDE325496FD400421368 /* Milestone */ = {
			isa = PBXGroup;
			children = (
				4616CDE82549975600421368 /* View */,
				4616CDE72549974600421368 /* ViewController */,
			);
			path = Milestone;
			sourceTree = "<group>";
		};
		4616CDE72549974600421368 /* ViewController */ = {
			isa = PBXGroup;
			children = (
				4616CDE425496FFF00421368 /* MilestoneViewController.swift */,
				46FC2CB5254A58B4004E9288 /* MilestoneEditViewController.swift */,
			);
			path = ViewController;
			sourceTree = "<group>";
		};
		4616CDE82549975600421368 /* View */ = {
			isa = PBXGroup;
			children = (
				4616CDEA2549977D00421368 /* MilestoneCollectionViewCell.swift */,
			);
			path = View;
			sourceTree = "<group>";
		};
		46E668CE254854AD00A41CC0 /* CustomView */ = {
			isa = PBXGroup;
			children = (
				46E668D22548557800A41CC0 /* PaddedLabel.swift */,
			);
			path = CustomView;
			sourceTree = "<group>";
		};
		46E668D1254854DE00A41CC0 /* IssueList */ = {
			isa = PBXGroup;
			children = (
				46ED2BA62546A39C004B6D50 /* View */,
				46ED2BA72546A3A4004B6D50 /* ViewController */,
			);
			path = IssueList;
			sourceTree = "<group>";
		};
		46ED2B7C25469876004B6D50 = {
			isa = PBXGroup;
			children = (
				46ED2B9E25469A94004B6D50 /* .swiftlint.yml */,
				46ED2B8725469876004B6D50 /* IssueTracker */,
				46ED2B8625469876004B6D50 /* Products */,
				AEA996A021E92D0437245BBB /* Pods */,
				10FA4EE8E6D21FA3AFD83E60 /* Frameworks */,
			);
			sourceTree = "<group>";
		};
		46ED2B8625469876004B6D50 /* Products */ = {
			isa = PBXGroup;
			children = (
				46ED2B8525469876004B6D50 /* IssueTracker.app */,
			);
			name = Products;
			sourceTree = "<group>";
		};
		46ED2B8725469876004B6D50 /* IssueTracker */ = {
			isa = PBXGroup;
			children = (
				46FC2CBC254A7460004E9288 /* Label */,
				4616CDE325496FD400421368 /* Milestone */,
				46E668D1254854DE00A41CC0 /* IssueList */,
				46E668CE254854AD00A41CC0 /* CustomView */,
				46ED2BC02546ADD1004B6D50 /* Extension */,
				46ED2BA52546A323004B6D50 /* Model */,
				46ED2B8825469876004B6D50 /* AppDelegate.swift */,
				46ED2B8A25469876004B6D50 /* SceneDelegate.swift */,
				46ED2B8E25469876004B6D50 /* Main.storyboard */,
				46ED2B9125469877004B6D50 /* Assets.xcassets */,
				46ED2B9325469877004B6D50 /* LaunchScreen.storyboard */,
				46ED2B9625469877004B6D50 /* Info.plist */,
			);
			path = IssueTracker;
			sourceTree = "<group>";
		};
		46ED2BA52546A323004B6D50 /* Model */ = {
			isa = PBXGroup;
			children = (
				4616CDD22549573200421368 /* Issue.swift */,
				4616CDD62549583600421368 /* Milestone.swift */,
				4616CDD9254958B100421368 /* Label.swift */,
				4616CDDC25495A1D00421368 /* IssueList.swift */,
			);
			path = Model;
			sourceTree = "<group>";
		};
		46ED2BA62546A39C004B6D50 /* View */ = {
			isa = PBXGroup;
			children = (
				46ED2BB42546AA00004B6D50 /* IssueListCollectionViewCell.swift */,
				46ED2BB52546AA00004B6D50 /* IssueListCollectionViewCell.xib */,
				A927391725490BCB00F22997 /* IssueDetailTableViewCell.swift */,
				46E668B92547F64A00A41CC0 /* IssueListEditTableViewCell.swift */,
			);
			path = View;
			sourceTree = "<group>";
		};
		46ED2BA72546A3A4004B6D50 /* ViewController */ = {
			isa = PBXGroup;
			children = (
				46ED2B8C25469876004B6D50 /* IssueListViewController.swift */,
				46ED2BC62546B096004B6D50 /* IssueListEditViewController.swift */,
				A927391425490BBD00F22997 /* IssueDetailViewController.swift */,
			);
			path = ViewController;
			sourceTree = "<group>";
		};
		46ED2BC02546ADD1004B6D50 /* Extension */ = {
			isa = PBXGroup;
			children = (
				46E668CB25482FF700A41CC0 /* UIView+Extension.swift */,
				A927392025493B8100F22997 /* UITableViewCell+Extension.swift */,
				4616CDC62549491400421368 /* UIViewController+Extension.swift */,
				46FC2CCA254A9366004E9288 /* UIColor+Extension.swift */,
			);
			path = Extension;
			sourceTree = "<group>";
		};
		46FC2CBC254A7460004E9288 /* Label */ = {
			isa = PBXGroup;
			children = (
				46FC2CC2254A77BA004E9288 /* ViewController */,
				46FC2CC1254A77B2004E9288 /* View */,
			);
			path = Label;
			sourceTree = "<group>";
		};
		46FC2CC1254A77B2004E9288 /* View */ = {
			isa = PBXGroup;
			children = (
				46FC2CC4254A789B004E9288 /* LabelCollectionViewCell.swift */,
			);
			path = View;
			sourceTree = "<group>";
		};
		46FC2CC2254A77BA004E9288 /* ViewController */ = {
			isa = PBXGroup;
			children = (
				46FC2CBE254A74EF004E9288 /* LabelViewController.swift */,
				46FC2CC7254A8DC8004E9288 /* LabelEditViewController.swift */,
			);
			path = ViewController;
			sourceTree = "<group>";
		};
		AEA996A021E92D0437245BBB /* Pods */ = {
			isa = PBXGroup;
			children = (
				B36067DFCDF29C2AFAC3E008 /* Pods-IssueTracker.debug.xcconfig */,
				AE41F75C5FFBB028C86B1865 /* Pods-IssueTracker.release.xcconfig */,
			);
			path = Pods;
			sourceTree = "<group>";
		};
/* End PBXGroup section */

/* Begin PBXNativeTarget section */
		46ED2B8425469876004B6D50 /* IssueTracker */ = {
			isa = PBXNativeTarget;
			buildConfigurationList = 46ED2B9925469877004B6D50 /* Build configuration list for PBXNativeTarget "IssueTracker" */;
			buildPhases = (
				5B7E00A5803F106E850664C8 /* [CP] Check Pods Manifest.lock */,
				46ED2B8125469876004B6D50 /* Sources */,
				46ED2B8225469876004B6D50 /* Frameworks */,
				46ED2B8325469876004B6D50 /* Resources */,
				46ED2BA225469ABD004B6D50 /* SwiftLint */,
				01C1C079F67F9686D7D26916 /* [CP] Embed Pods Frameworks */,
			);
			buildRules = (
			);
			dependencies = (
			);
			name = IssueTracker;
			productName = IssueTracker;
			productReference = 46ED2B8525469876004B6D50 /* IssueTracker.app */;
			productType = "com.apple.product-type.application";
		};
/* End PBXNativeTarget section */

/* Begin PBXProject section */
		46ED2B7D25469876004B6D50 /* Project object */ = {
			isa = PBXProject;
			attributes = {
				LastSwiftUpdateCheck = 1200;
				LastUpgradeCheck = 1200;
				TargetAttributes = {
					46ED2B8425469876004B6D50 = {
						CreatedOnToolsVersion = 12.0.1;
					};
				};
			};
			buildConfigurationList = 46ED2B8025469876004B6D50 /* Build configuration list for PBXProject "IssueTracker" */;
			compatibilityVersion = "Xcode 9.3";
			developmentRegion = en;
			hasScannedForEncodings = 0;
			knownRegions = (
				en,
				Base,
			);
			mainGroup = 46ED2B7C25469876004B6D50;
			productRefGroup = 46ED2B8625469876004B6D50 /* Products */;
			projectDirPath = "";
			projectRoot = "";
			targets = (
				46ED2B8425469876004B6D50 /* IssueTracker */,
			);
		};
/* End PBXProject section */

/* Begin PBXResourcesBuildPhase section */
		46ED2B8325469876004B6D50 /* Resources */ = {
			isa = PBXResourcesBuildPhase;
			buildActionMask = 2147483647;
			files = (
				46ED2B9F25469A94004B6D50 /* .swiftlint.yml in Resources */,
				46ED2B9525469877004B6D50 /* LaunchScreen.storyboard in Resources */,
				46ED2BB72546AA00004B6D50 /* IssueListCollectionViewCell.xib in Resources */,
				46ED2B9225469877004B6D50 /* Assets.xcassets in Resources */,
				46ED2B9025469876004B6D50 /* Main.storyboard in Resources */,
			);
			runOnlyForDeploymentPostprocessing = 0;
		};
/* End PBXResourcesBuildPhase section */

/* Begin PBXShellScriptBuildPhase section */
		01C1C079F67F9686D7D26916 /* [CP] Embed Pods Frameworks */ = {
			isa = PBXShellScriptBuildPhase;
			buildActionMask = 2147483647;
			files = (
			);
			inputFileListPaths = (
				"${PODS_ROOT}/Target Support Files/Pods-IssueTracker/Pods-IssueTracker-frameworks-${CONFIGURATION}-input-files.xcfilelist",
			);
			name = "[CP] Embed Pods Frameworks";
			outputFileListPaths = (
				"${PODS_ROOT}/Target Support Files/Pods-IssueTracker/Pods-IssueTracker-frameworks-${CONFIGURATION}-output-files.xcfilelist",
			);
			runOnlyForDeploymentPostprocessing = 0;
			shellPath = /bin/sh;
			shellScript = "\"${PODS_ROOT}/Target Support Files/Pods-IssueTracker/Pods-IssueTracker-frameworks.sh\"\n";
			showEnvVarsInLog = 0;
		};
		46ED2BA225469ABD004B6D50 /* SwiftLint */ = {
			isa = PBXShellScriptBuildPhase;
			buildActionMask = 2147483647;
			files = (
			);
			inputFileListPaths = (
			);
			inputPaths = (
			);
			name = SwiftLint;
			outputFileListPaths = (
			);
			outputPaths = (
			);
			runOnlyForDeploymentPostprocessing = 0;
			shellPath = /bin/sh;
			shellScript = "${PODS_ROOT}/SwiftLint/swiftlint\n";
		};
		5B7E00A5803F106E850664C8 /* [CP] Check Pods Manifest.lock */ = {
			isa = PBXShellScriptBuildPhase;
			buildActionMask = 2147483647;
			files = (
			);
			inputFileListPaths = (
			);
			inputPaths = (
				"${PODS_PODFILE_DIR_PATH}/Podfile.lock",
				"${PODS_ROOT}/Manifest.lock",
			);
			name = "[CP] Check Pods Manifest.lock";
			outputFileListPaths = (
			);
			outputPaths = (
				"$(DERIVED_FILE_DIR)/Pods-IssueTracker-checkManifestLockResult.txt",
			);
			runOnlyForDeploymentPostprocessing = 0;
			shellPath = /bin/sh;
			shellScript = "diff \"${PODS_PODFILE_DIR_PATH}/Podfile.lock\" \"${PODS_ROOT}/Manifest.lock\" > /dev/null\nif [ $? != 0 ] ; then\n    # print error to STDERR\n    echo \"error: The sandbox is not in sync with the Podfile.lock. Run 'pod install' or update your CocoaPods installation.\" >&2\n    exit 1\nfi\n# This output is used by Xcode 'outputs' to avoid re-running this script phase.\necho \"SUCCESS\" > \"${SCRIPT_OUTPUT_FILE_0}\"\n";
			showEnvVarsInLog = 0;
		};
/* End PBXShellScriptBuildPhase section */

/* Begin PBXSourcesBuildPhase section */
		46ED2B8125469876004B6D50 /* Sources */ = {
			isa = PBXSourcesBuildPhase;
			buildActionMask = 2147483647;
			files = (
				4616CDC72549491400421368 /* UIViewController+Extension.swift in Sources */,
				46ED2B8D25469876004B6D50 /* IssueListViewController.swift in Sources */,
				46E668CC25482FF700A41CC0 /* UIView+Extension.swift in Sources */,
				4616CDD32549573200421368 /* Issue.swift in Sources */,
				46ED2BC72546B096004B6D50 /* IssueListEditViewController.swift in Sources */,
				A927391825490BCB00F22997 /* IssueDetailTableViewCell.swift in Sources */,
				4616CDD72549583600421368 /* Milestone.swift in Sources */,
				46FC2CC8254A8DC8004E9288 /* LabelEditViewController.swift in Sources */,
				46FC2CB6254A58B4004E9288 /* MilestoneEditViewController.swift in Sources */,
				46E668BA2547F64A00A41CC0 /* IssueListEditTableViewCell.swift in Sources */,
				46FC2CC5254A789B004E9288 /* LabelCollectionViewCell.swift in Sources */,
				4616CDDA254958B100421368 /* Label.swift in Sources */,
				46ED2BB62546AA00004B6D50 /* IssueListCollectionViewCell.swift in Sources */,
				46FC2CBF254A74EF004E9288 /* LabelViewController.swift in Sources */,
				A927392125493B8100F22997 /* UITableViewCell+Extension.swift in Sources */,
				46ED2B8925469876004B6D50 /* AppDelegate.swift in Sources */,
				4616CDE525496FFF00421368 /* MilestoneViewController.swift in Sources */,
				46FC2CCB254A9366004E9288 /* UIColor+Extension.swift in Sources */,
				46E668D32548557800A41CC0 /* PaddedLabel.swift in Sources */,
				46ED2B8B25469876004B6D50 /* SceneDelegate.swift in Sources */,
				4616CDEB2549977D00421368 /* MilestoneCollectionViewCell.swift in Sources */,
				A927391525490BBD00F22997 /* IssueDetailViewController.swift in Sources */,
				4616CDDD25495A1D00421368 /* IssueList.swift in Sources */,
			);
			runOnlyForDeploymentPostprocessing = 0;
		};
/* End PBXSourcesBuildPhase section */

/* Begin PBXVariantGroup section */
		46ED2B8E25469876004B6D50 /* Main.storyboard */ = {
			isa = PBXVariantGroup;
			children = (
				46ED2B8F25469876004B6D50 /* Base */,
			);
			name = Main.storyboard;
			sourceTree = "<group>";
		};
		46ED2B9325469877004B6D50 /* LaunchScreen.storyboard */ = {
			isa = PBXVariantGroup;
			children = (
				46ED2B9425469877004B6D50 /* Base */,
			);
			name = LaunchScreen.storyboard;
			sourceTree = "<group>";
		};
/* End PBXVariantGroup section */

/* Begin XCBuildConfiguration section */
		46ED2B9725469877004B6D50 /* Debug */ = {
			isa = XCBuildConfiguration;
			buildSettings = {
				ALWAYS_SEARCH_USER_PATHS = NO;
				CLANG_ANALYZER_NONNULL = YES;
				CLANG_ANALYZER_NUMBER_OBJECT_CONVERSION = YES_AGGRESSIVE;
				CLANG_CXX_LANGUAGE_STANDARD = "gnu++14";
				CLANG_CXX_LIBRARY = "libc++";
				CLANG_ENABLE_MODULES = YES;
				CLANG_ENABLE_OBJC_ARC = YES;
				CLANG_ENABLE_OBJC_WEAK = YES;
				CLANG_WARN_BLOCK_CAPTURE_AUTORELEASING = YES;
				CLANG_WARN_BOOL_CONVERSION = YES;
				CLANG_WARN_COMMA = YES;
				CLANG_WARN_CONSTANT_CONVERSION = YES;
				CLANG_WARN_DEPRECATED_OBJC_IMPLEMENTATIONS = YES;
				CLANG_WARN_DIRECT_OBJC_ISA_USAGE = YES_ERROR;
				CLANG_WARN_DOCUMENTATION_COMMENTS = YES;
				CLANG_WARN_EMPTY_BODY = YES;
				CLANG_WARN_ENUM_CONVERSION = YES;
				CLANG_WARN_INFINITE_RECURSION = YES;
				CLANG_WARN_INT_CONVERSION = YES;
				CLANG_WARN_NON_LITERAL_NULL_CONVERSION = YES;
				CLANG_WARN_OBJC_IMPLICIT_RETAIN_SELF = YES;
				CLANG_WARN_OBJC_LITERAL_CONVERSION = YES;
				CLANG_WARN_OBJC_ROOT_CLASS = YES_ERROR;
				CLANG_WARN_QUOTED_INCLUDE_IN_FRAMEWORK_HEADER = YES;
				CLANG_WARN_RANGE_LOOP_ANALYSIS = YES;
				CLANG_WARN_STRICT_PROTOTYPES = YES;
				CLANG_WARN_SUSPICIOUS_MOVE = YES;
				CLANG_WARN_UNGUARDED_AVAILABILITY = YES_AGGRESSIVE;
				CLANG_WARN_UNREACHABLE_CODE = YES;
				CLANG_WARN__DUPLICATE_METHOD_MATCH = YES;
				COPY_PHASE_STRIP = NO;
				DEBUG_INFORMATION_FORMAT = dwarf;
				ENABLE_STRICT_OBJC_MSGSEND = YES;
				ENABLE_TESTABILITY = YES;
				GCC_C_LANGUAGE_STANDARD = gnu11;
				GCC_DYNAMIC_NO_PIC = NO;
				GCC_NO_COMMON_BLOCKS = YES;
				GCC_OPTIMIZATION_LEVEL = 0;
				GCC_PREPROCESSOR_DEFINITIONS = (
					"DEBUG=1",
					"$(inherited)",
				);
				GCC_WARN_64_TO_32_BIT_CONVERSION = YES;
				GCC_WARN_ABOUT_RETURN_TYPE = YES_ERROR;
				GCC_WARN_UNDECLARED_SELECTOR = YES;
				GCC_WARN_UNINITIALIZED_AUTOS = YES_AGGRESSIVE;
				GCC_WARN_UNUSED_FUNCTION = YES;
				GCC_WARN_UNUSED_VARIABLE = YES;
				IPHONEOS_DEPLOYMENT_TARGET = 14.0;
				MTL_ENABLE_DEBUG_INFO = INCLUDE_SOURCE;
				MTL_FAST_MATH = YES;
				ONLY_ACTIVE_ARCH = YES;
				SDKROOT = iphoneos;
				SWIFT_ACTIVE_COMPILATION_CONDITIONS = DEBUG;
				SWIFT_OPTIMIZATION_LEVEL = "-Onone";
			};
			name = Debug;
		};
		46ED2B9825469877004B6D50 /* Release */ = {
			isa = XCBuildConfiguration;
			buildSettings = {
				ALWAYS_SEARCH_USER_PATHS = NO;
				CLANG_ANALYZER_NONNULL = YES;
				CLANG_ANALYZER_NUMBER_OBJECT_CONVERSION = YES_AGGRESSIVE;
				CLANG_CXX_LANGUAGE_STANDARD = "gnu++14";
				CLANG_CXX_LIBRARY = "libc++";
				CLANG_ENABLE_MODULES = YES;
				CLANG_ENABLE_OBJC_ARC = YES;
				CLANG_ENABLE_OBJC_WEAK = YES;
				CLANG_WARN_BLOCK_CAPTURE_AUTORELEASING = YES;
				CLANG_WARN_BOOL_CONVERSION = YES;
				CLANG_WARN_COMMA = YES;
				CLANG_WARN_CONSTANT_CONVERSION = YES;
				CLANG_WARN_DEPRECATED_OBJC_IMPLEMENTATIONS = YES;
				CLANG_WARN_DIRECT_OBJC_ISA_USAGE = YES_ERROR;
				CLANG_WARN_DOCUMENTATION_COMMENTS = YES;
				CLANG_WARN_EMPTY_BODY = YES;
				CLANG_WARN_ENUM_CONVERSION = YES;
				CLANG_WARN_INFINITE_RECURSION = YES;
				CLANG_WARN_INT_CONVERSION = YES;
				CLANG_WARN_NON_LITERAL_NULL_CONVERSION = YES;
				CLANG_WARN_OBJC_IMPLICIT_RETAIN_SELF = YES;
				CLANG_WARN_OBJC_LITERAL_CONVERSION = YES;
				CLANG_WARN_OBJC_ROOT_CLASS = YES_ERROR;
				CLANG_WARN_QUOTED_INCLUDE_IN_FRAMEWORK_HEADER = YES;
				CLANG_WARN_RANGE_LOOP_ANALYSIS = YES;
				CLANG_WARN_STRICT_PROTOTYPES = YES;
				CLANG_WARN_SUSPICIOUS_MOVE = YES;
				CLANG_WARN_UNGUARDED_AVAILABILITY = YES_AGGRESSIVE;
				CLANG_WARN_UNREACHABLE_CODE = YES;
				CLANG_WARN__DUPLICATE_METHOD_MATCH = YES;
				COPY_PHASE_STRIP = NO;
				DEBUG_INFORMATION_FORMAT = "dwarf-with-dsym";
				ENABLE_NS_ASSERTIONS = NO;
				ENABLE_STRICT_OBJC_MSGSEND = YES;
				GCC_C_LANGUAGE_STANDARD = gnu11;
				GCC_NO_COMMON_BLOCKS = YES;
				GCC_WARN_64_TO_32_BIT_CONVERSION = YES;
				GCC_WARN_ABOUT_RETURN_TYPE = YES_ERROR;
				GCC_WARN_UNDECLARED_SELECTOR = YES;
				GCC_WARN_UNINITIALIZED_AUTOS = YES_AGGRESSIVE;
				GCC_WARN_UNUSED_FUNCTION = YES;
				GCC_WARN_UNUSED_VARIABLE = YES;
				IPHONEOS_DEPLOYMENT_TARGET = 14.0;
				MTL_ENABLE_DEBUG_INFO = NO;
				MTL_FAST_MATH = YES;
				SDKROOT = iphoneos;
				SWIFT_COMPILATION_MODE = wholemodule;
				SWIFT_OPTIMIZATION_LEVEL = "-O";
				VALIDATE_PRODUCT = YES;
			};
			name = Release;
		};
		46ED2B9A25469877004B6D50 /* Debug */ = {
			isa = XCBuildConfiguration;
			baseConfigurationReference = B36067DFCDF29C2AFAC3E008 /* Pods-IssueTracker.debug.xcconfig */;
			buildSettings = {
				ASSETCATALOG_COMPILER_APPICON_NAME = AppIcon;
				ASSETCATALOG_COMPILER_GLOBAL_ACCENT_COLOR_NAME = AccentColor;
				CODE_SIGN_STYLE = Automatic;
				DEVELOPMENT_TEAM = B3PWYBKFUK;
				INFOPLIST_FILE = IssueTracker/Info.plist;
				LD_RUNPATH_SEARCH_PATHS = (
					"$(inherited)",
					"@executable_path/Frameworks",
				);
				PRODUCT_BUNDLE_IDENTIFIER = sungmin.IssueTracker;
				PRODUCT_NAME = "$(TARGET_NAME)";
				SWIFT_VERSION = 5.0;
				TARGETED_DEVICE_FAMILY = "1,2";
			};
			name = Debug;
		};
		46ED2B9B25469877004B6D50 /* Release */ = {
			isa = XCBuildConfiguration;
			baseConfigurationReference = AE41F75C5FFBB028C86B1865 /* Pods-IssueTracker.release.xcconfig */;
			buildSettings = {
				ASSETCATALOG_COMPILER_APPICON_NAME = AppIcon;
				ASSETCATALOG_COMPILER_GLOBAL_ACCENT_COLOR_NAME = AccentColor;
				CODE_SIGN_STYLE = Automatic;
				DEVELOPMENT_TEAM = B3PWYBKFUK;
				INFOPLIST_FILE = IssueTracker/Info.plist;
				LD_RUNPATH_SEARCH_PATHS = (
					"$(inherited)",
					"@executable_path/Frameworks",
				);
				PRODUCT_BUNDLE_IDENTIFIER = sungmin.IssueTracker;
				PRODUCT_NAME = "$(TARGET_NAME)";
				SWIFT_VERSION = 5.0;
				TARGETED_DEVICE_FAMILY = "1,2";
			};
			name = Release;
		};
/* End XCBuildConfiguration section */

/* Begin XCConfigurationList section */
		46ED2B8025469876004B6D50 /* Build configuration list for PBXProject "IssueTracker" */ = {
			isa = XCConfigurationList;
			buildConfigurations = (
				46ED2B9725469877004B6D50 /* Debug */,
				46ED2B9825469877004B6D50 /* Release */,
			);
			defaultConfigurationIsVisible = 0;
			defaultConfigurationName = Release;
		};
		46ED2B9925469877004B6D50 /* Build configuration list for PBXNativeTarget "IssueTracker" */ = {
			isa = XCConfigurationList;
			buildConfigurations = (
				46ED2B9A25469877004B6D50 /* Debug */,
				46ED2B9B25469877004B6D50 /* Release */,
			);
			defaultConfigurationIsVisible = 0;
			defaultConfigurationName = Release;
		};
/* End XCConfigurationList section */
	};
	rootObject = 46ED2B7D25469876004B6D50 /* Project object */;
}
